
Microsoft Visual Studio Solution File, Format Version 12.00
# Visual Studio Version 16
VisualStudioVersion = 16.0.30503.244
MinimumVisualStudioVersion = 10.0.40219.1
Project("{FAE04EC0-301F-11D3-BF4B-00C04F79EFBC}") = "IvaGavran_ConsoleApp", "IvaGavran_ConsoleApp.csproj", "{BDE8010C-B350-4C4F-A2B0-B94CAA604F13}"
EndProject
Global
	GlobalSection(SolutionConfigurationPlatforms) = preSolution
		Debug|Any CPU = Debug|Any CPU
		Release|Any CPU = Release|Any CPU
	EndGlobalSection
	GlobalSection(ProjectConfigurationPlatforms) = postSolution
		{BDE8010C-B350-4C4F-A2B0-B94CAA604F13}.Debug|Any CPU.ActiveCfg = Debug|Any CPU
		{BDE8010C-B350-4C4F-A2B0-B94CAA604F13}.Debug|Any CPU.Build.0 = Debug|Any CPU
		{BDE8010C-B350-4C4F-A2B0-B94CAA604F13}.Release|Any CPU.ActiveCfg = Release|Any CPU
		{BDE8010C-B350-4C4F-A2B0-B94CAA604F13}.Release|Any CPU.Build.0 = Release|Any CPU
	EndGlobalSection
	GlobalSection(SolutionProperties) = preSolution
		HideSolutionNode = FALSE
	EndGlobalSection
	GlobalSection(ExtensibilityGlobals) = postSolution
		SolutionGuid = {F7ABB658-6F96-4805-BF06-3F91E8D3FADB}
	EndGlobalSection
EndGlobal
